
Microsoft Visual Studio Solution File, Format Version 12.00
# Visual Studio Version 16
VisualStudioVersion = 25.0.1700.6
MinimumVisualStudioVersion = 10.0.40219.1
Project("{FAE04EC0-301F-11D3-BF4B-00C04F79EFBC}") = "SpaceAge", "SpaceAge.csproj", "{D09E9667-B8A9-4E1D-8A73-BFB26DCC400C}"
EndProject
Global
	GlobalSection(SolutionConfigurationPlatforms) = preSolution
		Debug|Any CPU = Debug|Any CPU
		Release|Any CPU = Release|Any CPU
	EndGlobalSection
	GlobalSection(ProjectConfigurationPlatforms) = postSolution
		{D09E9667-B8A9-4E1D-8A73-BFB26DCC400C}.Debug|Any CPU.ActiveCfg = Debug|Any CPU
		{D09E9667-B8A9-4E1D-8A73-BFB26DCC400C}.Debug|Any CPU.Build.0 = Debug|Any CPU
		{D09E9667-B8A9-4E1D-8A73-BFB26DCC400C}.Release|Any CPU.ActiveCfg = Release|Any CPU
		{D09E9667-B8A9-4E1D-8A73-BFB26DCC400C}.Release|Any CPU.Build.0 = Release|Any CPU
	EndGlobalSection
	GlobalSection(SolutionProperties) = preSolution
		HideSolutionNode = FALSE
	EndGlobalSection
	GlobalSection(ExtensibilityGlobals) = postSolution
		SolutionGuid = {7E00CD5D-37B5-47B3-BA76-F75B0D4FF43F}
	EndGlobalSection
EndGlobal
